
Microsoft Visual Studio Solution File, Format Version 12.00
# Visual Studio Version 17
VisualStudioVersion = 17.11.35303.130
MinimumVisualStudioVersion = 10.0.40219.1
Project("{9A19103F-16F7-4668-BE54-9A1E7A4F7556}") = "MVC", "MVC.csproj", "{42AB9BAD-1993-47E6-80BB-F09006C613A7}"
EndProject
Project("{9A19103F-16F7-4668-BE54-9A1E7A4F7556}") = "MVC.DataAccess", "..\MVC.DataAccess\MVC.DataAccess.csproj", "{617EE4C6-039F-4A4A-B555-9AEAAF856296}"
EndProject
Project("{9A19103F-16F7-4668-BE54-9A1E7A4F7556}") = "MVC.Models", "..\MVC.Models\MVC.Models.csproj", "{203548E4-955D-4A10-9389-92A9930130C3}"
EndProject
Project("{9A19103F-16F7-4668-BE54-9A1E7A4F7556}") = "MVC.Utilities", "..\MVC.Utilities\MVC.Utilities.csproj", "{E2FBBAB2-BBAA-4F2C-9922-732C169614DF}"
EndProject
Project("{FAE04EC0-301F-11D3-BF4B-00C04F79EFBC}") = "MVC.Test", "..\MVC.Test\MVC.Test.csproj", "{D9BFFA7D-7147-49CA-A350-302BB968D1EA}"
EndProject
Global
	GlobalSection(SolutionConfigurationPlatforms) = preSolution
		Debug|Any CPU = Debug|Any CPU
		Release|Any CPU = Release|Any CPU
	EndGlobalSection
	GlobalSection(ProjectConfigurationPlatforms) = postSolution
		{42AB9BAD-1993-47E6-80BB-F09006C613A7}.Debug|Any CPU.ActiveCfg = Debug|Any CPU
		{42AB9BAD-1993-47E6-80BB-F09006C613A7}.Debug|Any CPU.Build.0 = Debug|Any CPU
		{42AB9BAD-1993-47E6-80BB-F09006C613A7}.Release|Any CPU.ActiveCfg = Release|Any CPU
		{42AB9BAD-1993-47E6-80BB-F09006C613A7}.Release|Any CPU.Build.0 = Release|Any CPU
		{617EE4C6-039F-4A4A-B555-9AEAAF856296}.Debug|Any CPU.ActiveCfg = Debug|Any CPU
		{617EE4C6-039F-4A4A-B555-9AEAAF856296}.Debug|Any CPU.Build.0 = Debug|Any CPU
		{617EE4C6-039F-4A4A-B555-9AEAAF856296}.Release|Any CPU.ActiveCfg = Release|Any CPU
		{617EE4C6-039F-4A4A-B555-9AEAAF856296}.Release|Any CPU.Build.0 = Release|Any CPU
		{203548E4-955D-4A10-9389-92A9930130C3}.Debug|Any CPU.ActiveCfg = Debug|Any CPU
		{203548E4-955D-4A10-9389-92A9930130C3}.Debug|Any CPU.Build.0 = Debug|Any CPU
		{203548E4-955D-4A10-9389-92A9930130C3}.Release|Any CPU.ActiveCfg = Release|Any CPU
		{203548E4-955D-4A10-9389-92A9930130C3}.Release|Any CPU.Build.0 = Release|Any CPU
		{E2FBBAB2-BBAA-4F2C-9922-732C169614DF}.Debug|Any CPU.ActiveCfg = Debug|Any CPU
		{E2FBBAB2-BBAA-4F2C-9922-732C169614DF}.Debug|Any CPU.Build.0 = Debug|Any CPU
		{E2FBBAB2-BBAA-4F2C-9922-732C169614DF}.Release|Any CPU.ActiveCfg = Release|Any CPU
		{E2FBBAB2-BBAA-4F2C-9922-732C169614DF}.Release|Any CPU.Build.0 = Release|Any CPU
		{D9BFFA7D-7147-49CA-A350-302BB968D1EA}.Debug|Any CPU.ActiveCfg = Debug|Any CPU
		{D9BFFA7D-7147-49CA-A350-302BB968D1EA}.Debug|Any CPU.Build.0 = Debug|Any CPU
		{D9BFFA7D-7147-49CA-A350-302BB968D1EA}.Release|Any CPU.ActiveCfg = Release|Any CPU
		{D9BFFA7D-7147-49CA-A350-302BB968D1EA}.Release|Any CPU.Build.0 = Release|Any CPU
	EndGlobalSection
	GlobalSection(SolutionProperties) = preSolution
		HideSolutionNode = FALSE
	EndGlobalSection
	GlobalSection(ExtensibilityGlobals) = postSolution
		SolutionGuid = {A657D71C-CB7F-4BD8-82ED-58F2BF9001E3}
	EndGlobalSection
EndGlobal
